{
    "_readme": [
        "This file locks the dependencies of your project to a known state",
        "Read more about it at https://getcomposer.org/doc/01-basic-usage.md#installing-dependencies",
        "This file is @generated automatically"
    ],
    "content-hash": "b8a8244571ff99963b437f6e792f394e",
    "packages": [
        {
            "name": "tencentyun-api/qcloudapi-sdk-php",
            "version": "2.0.9",
            "source": {
                "type": "git",
                "url": "https://github.com/QcloudApi/qcloudapi-sdk-php.git",
                "reference": "4a84fccbcc37a81ada724234ad45a45043b927b9"
            },
            "dist": {
                "type": "zip",
                "url": "https://api.github.com/repos/QcloudApi/qcloudapi-sdk-php/zipball/4a84fccbcc37a81ada724234ad45a45043b927b9",
                "reference": "4a84fccbcc37a81ada724234ad45a45043b927b9",
                "shasum": "",
                "mirrors": [
                    {
                        "url": "https://mirrors.aliyun.com/composer/dists/%package%/%reference%.%type%",
                        "preferred": true
                    }
                ]
            },
            "require": {
                "php": ">=5.3.0"
            },
            "type": "library",
            "autoload": {
                "classmap": [
                    "src/QcloudApi/QcloudApi.php"
                ]
            },
            "notification-url": "https://packagist.org/downloads/",
            "license": [
                "MIT"
            ],
            "description": "php sdk for qcloudapi",
            "homepage": "http://www.qcloud.com/",
            "keywords": [
                "qcloud",
                "sdk",
                "tencentyun"
            ],
            "time": "2018-08-03T05:13:28+00:00"
        }
    ],
    "packages-dev": [],
    "aliases": [],
    "minimum-stability": "stable",
    "stability-flags": [],
    "prefer-stable": false,
    "prefer-lowest": false,
    "platform": [],
    "platform-dev": []
}
